
Microsoft Visual Studio Solution File, Format Version 12.00
# Visual Studio 15
VisualStudioVersion = 15.0.26430.16
MinimumVisualStudioVersion = 10.0.40219.1
Project("{FAE04EC0-301F-11D3-BF4B-00C04F79EFBC}") = "DoytaoThai.Android", "DoytaoThai\DoytaoThai.Android\DoytaoThai.Android.csproj", "{857C2322-2165-4D40-988D-9759B0E1C948}"
EndProject
Project("{FAE04EC0-301F-11D3-BF4B-00C04F79EFBC}") = "DoytaoThai", "DoytaoThai\DoytaoThai\DoytaoThai.csproj", "{7BC59B2C-9531-4F80-BB0B-FF54D2BC2124}"
EndProject
Project("{FAE04EC0-301F-11D3-BF4B-00C04F79EFBC}") = "DoytaoThai.UWP", "DoytaoThai\DoytaoThai.UWP\DoytaoThai.UWP.csproj", "{AD9EC12E-9D24-4DFD-A249-86BC900D7B24}"
EndProject
Project("{FAE04EC0-301F-11D3-BF4B-00C04F79EFBC}") = "DoytaoThai.iOS", "DoytaoThai\DoytaoThai.iOS\DoytaoThai.iOS.csproj", "{ED6D2C3D-FEC4-46F4-A9FE-483E4CBDF843}"
EndProject
Global
	GlobalSection(SolutionConfigurationPlatforms) = preSolution
		Ad-Hoc|Any CPU = Ad-Hoc|Any CPU
		Ad-Hoc|ARM = Ad-Hoc|ARM
		Ad-Hoc|iPhone = Ad-Hoc|iPhone
		Ad-Hoc|iPhoneSimulator = Ad-Hoc|iPhoneSimulator
		Ad-Hoc|x64 = Ad-Hoc|x64
		Ad-Hoc|x86 = Ad-Hoc|x86
		AppStore|Any CPU = AppStore|Any CPU
		AppStore|ARM = AppStore|ARM
		AppStore|iPhone = AppStore|iPhone
		AppStore|iPhoneSimulator = AppStore|iPhoneSimulator
		AppStore|x64 = AppStore|x64
		AppStore|x86 = AppStore|x86
		Debug|Any CPU = Debug|Any CPU
		Debug|ARM = Debug|ARM
		Debug|iPhone = Debug|iPhone
		Debug|iPhoneSimulator = Debug|iPhoneSimulator
		Debug|x64 = Debug|x64
		Debug|x86 = Debug|x86
		Release|Any CPU = Release|Any CPU
		Release|ARM = Release|ARM
		Release|iPhone = Release|iPhone
		Release|iPhoneSimulator = Release|iPhoneSimulator
		Release|x64 = Release|x64
		Release|x86 = Release|x86
	EndGlobalSection
	GlobalSection(ProjectConfigurationPlatforms) = postSolution
		{857C2322-2165-4D40-988D-9759B0E1C948}.Ad-Hoc|Any CPU.ActiveCfg = Release|Any CPU
		{857C2322-2165-4D40-988D-9759B0E1C948}.Ad-Hoc|Any CPU.Build.0 = Release|Any CPU
		{857C2322-2165-4D40-988D-9759B0E1C948}.Ad-Hoc|Any CPU.Deploy.0 = Release|Any CPU
		{857C2322-2165-4D40-988D-9759B0E1C948}.Ad-Hoc|ARM.ActiveCfg = Release|Any CPU
		{857C2322-2165-4D40-988D-9759B0E1C948}.Ad-Hoc|ARM.Build.0 = Release|Any CPU
		{857C2322-2165-4D40-988D-9759B0E1C948}.Ad-Hoc|ARM.Deploy.0 = Release|Any CPU
		{857C2322-2165-4D40-988D-9759B0E1C948}.Ad-Hoc|iPhone.ActiveCfg = Release|Any CPU
		{857C2322-2165-4D40-988D-9759B0E1C948}.Ad-Hoc|iPhone.Build.0 = Release|Any CPU
		{857C2322-2165-4D40-988D-9759B0E1C948}.Ad-Hoc|iPhone.Deploy.0 = Release|Any CPU
		{857C2322-2165-4D40-988D-9759B0E1C948}.Ad-Hoc|iPhoneSimulator.ActiveCfg = Release|Any CPU
		{857C2322-2165-4D40-988D-9759B0E1C948}.Ad-Hoc|iPhoneSimulator.Build.0 = Release|Any CPU
		{857C2322-2165-4D40-988D-9759B0E1C948}.Ad-Hoc|iPhoneSimulator.Deploy.0 = Release|Any CPU
		{857C2322-2165-4D40-988D-9759B0E1C948}.Ad-Hoc|x64.ActiveCfg = Release|Any CPU
		{857C2322-2165-4D40-988D-9759B0E1C948}.Ad-Hoc|x64.Build.0 = Release|Any CPU
		{857C2322-2165-4D40-988D-9759B0E1C948}.Ad-Hoc|x64.Deploy.0 = Release|Any CPU
		{857C2322-2165-4D40-988D-9759B0E1C948}.Ad-Hoc|x86.ActiveCfg = Release|Any CPU
		{857C2322-2165-4D40-988D-9759B0E1C948}.Ad-Hoc|x86.Build.0 = Release|Any CPU
		{857C2322-2165-4D40-988D-9759B0E1C948}.Ad-Hoc|x86.Deploy.0 = Release|Any CPU
		{857C2322-2165-4D40-988D-9759B0E1C948}.AppStore|Any CPU.ActiveCfg = Release|Any CPU
		{857C2322-2165-4D40-988D-9759B0E1C948}.AppStore|Any CPU.Build.0 = Release|Any CPU
		{857C2322-2165-4D40-988D-9759B0E1C948}.AppStore|Any CPU.Deploy.0 = Release|Any CPU
		{857C2322-2165-4D40-988D-9759B0E1C948}.AppStore|ARM.ActiveCfg = Release|Any CPU
		{857C2322-2165-4D40-988D-9759B0E1C948}.AppStore|ARM.Build.0 = Release|Any CPU
		{857C2322-2165-4D40-988D-9759B0E1C948}.AppStore|ARM.Deploy.0 = Release|Any CPU
		{857C2322-2165-4D40-988D-9759B0E1C948}.AppStore|iPhone.ActiveCfg = Release|Any CPU
		{857C2322-2165-4D40-988D-9759B0E1C948}.AppStore|iPhone.Build.0 = Release|Any CPU
		{857C2322-2165-4D40-988D-9759B0E1C948}.AppStore|iPhone.Deploy.0 = Release|Any CPU
		{857C2322-2165-4D40-988D-9759B0E1C948}.AppStore|iPhoneSimulator.ActiveCfg = Release|Any CPU
		{857C2322-2165-4D40-988D-9759B0E1C948}.AppStore|iPhoneSimulator.Build.0 = Release|Any CPU
		{857C2322-2165-4D40-988D-9759B0E1C948}.AppStore|iPhoneSimulator.Deploy.0 = Release|Any CPU
		{857C2322-2165-4D40-988D-9759B0E1C948}.AppStore|x64.ActiveCfg = Release|Any CPU
		{857C2322-2165-4D40-988D-9759B0E1C948}.AppStore|x64.Build.0 = Release|Any CPU
		{857C2322-2165-4D40-988D-9759B0E1C948}.AppStore|x64.Deploy.0 = Release|Any CPU
		{857C2322-2165-4D40-988D-9759B0E1C948}.AppStore|x86.ActiveCfg = Release|Any CPU
		{857C2322-2165-4D40-988D-9759B0E1C948}.AppStore|x86.Build.0 = Release|Any CPU
		{857C2322-2165-4D40-988D-9759B0E1C948}.AppStore|x86.Deploy.0 = Release|Any CPU
		{857C2322-2165-4D40-988D-9759B0E1C948}.Debug|Any CPU.ActiveCfg = Debug|Any CPU
		{857C2322-2165-4D40-988D-9759B0E1C948}.Debug|Any CPU.Build.0 = Debug|Any CPU
		{857C2322-2165-4D40-988D-9759B0E1C948}.Debug|Any CPU.Deploy.0 = Debug|Any CPU
		{857C2322-2165-4D40-988D-9759B0E1C948}.Debug|ARM.ActiveCfg = Debug|Any CPU
		{857C2322-2165-4D40-988D-9759B0E1C948}.Debug|ARM.Build.0 = Debug|Any CPU
		{857C2322-2165-4D40-988D-9759B0E1C948}.Debug|ARM.Deploy.0 = Debug|Any CPU
		{857C2322-2165-4D40-988D-9759B0E1C948}.Debug|iPhone.ActiveCfg = Debug|Any CPU
		{857C2322-2165-4D40-988D-9759B0E1C948}.Debug|iPhone.Build.0 = Debug|Any CPU
		{857C2322-2165-4D40-988D-9759B0E1C948}.Debug|iPhone.Deploy.0 = Debug|Any CPU
		{857C2322-2165-4D40-988D-9759B0E1C948}.Debug|iPhoneSimulator.ActiveCfg = Debug|Any CPU
		{857C2322-2165-4D40-988D-9759B0E1C948}.Debug|iPhoneSimulator.Build.0 = Debug|Any CPU
		{857C2322-2165-4D40-988D-9759B0E1C948}.Debug|iPhoneSimulator.Deploy.0 = Debug|Any CPU
		{857C2322-2165-4D40-988D-9759B0E1C948}.Debug|x64.ActiveCfg = Debug|Any CPU
		{857C2322-2165-4D40-988D-9759B0E1C948}.Debug|x64.Build.0 = Debug|Any CPU
		{857C2322-2165-4D40-988D-9759B0E1C948}.Debug|x64.Deploy.0 = Debug|Any CPU
		{857C2322-2165-4D40-988D-9759B0E1C948}.Debug|x86.ActiveCfg = Debug|Any CPU
		{857C2322-2165-4D40-988D-9759B0E1C948}.Debug|x86.Build.0 = Debug|Any CPU
		{857C2322-2165-4D40-988D-9759B0E1C948}.Debug|x86.Deploy.0 = Debug|Any CPU
		{857C2322-2165-4D40-988D-9759B0E1C948}.Release|Any CPU.ActiveCfg = Release|Any CPU
		{857C2322-2165-4D40-988D-9759B0E1C948}.Release|Any CPU.Build.0 = Release|Any CPU
		{857C2322-2165-4D40-988D-9759B0E1C948}.Release|Any CPU.Deploy.0 = Release|Any CPU
		{857C2322-2165-4D40-988D-9759B0E1C948}.Release|ARM.ActiveCfg = Release|Any CPU
		{857C2322-2165-4D40-988D-9759B0E1C948}.Release|ARM.Build.0 = Release|Any CPU
		{857C2322-2165-4D40-988D-9759B0E1C948}.Release|ARM.Deploy.0 = Release|Any CPU
		{857C2322-2165-4D40-988D-9759B0E1C948}.Release|iPhone.ActiveCfg = Release|Any CPU
		{857C2322-2165-4D40-988D-9759B0E1C948}.Release|iPhone.Build.0 = Release|Any CPU
		{857C2322-2165-4D40-988D-9759B0E1C948}.Release|iPhone.Deploy.0 = Release|Any CPU
		{857C2322-2165-4D40-988D-9759B0E1C948}.Release|iPhoneSimulator.ActiveCfg = Release|Any CPU
		{857C2322-2165-4D40-988D-9759B0E1C948}.Release|iPhoneSimulator.Build.0 = Release|Any CPU
		{857C2322-2165-4D40-988D-9759B0E1C948}.Release|iPhoneSimulator.Deploy.0 = Release|Any CPU
		{857C2322-2165-4D40-988D-9759B0E1C948}.Release|x64.ActiveCfg = Release|Any CPU
		{857C2322-2165-4D40-988D-9759B0E1C948}.Release|x64.Build.0 = Release|Any CPU
		{857C2322-2165-4D40-988D-9759B0E1C948}.Release|x64.Deploy.0 = Release|Any CPU
		{857C2322-2165-4D40-988D-9759B0E1C948}.Release|x86.ActiveCfg = Release|Any CPU
		{857C2322-2165-4D40-988D-9759B0E1C948}.Release|x86.Build.0 = Release|Any CPU
		{857C2322-2165-4D40-988D-9759B0E1C948}.Release|x86.Deploy.0 = Release|Any CPU
		{7BC59B2C-9531-4F80-BB0B-FF54D2BC2124}.Ad-Hoc|Any CPU.ActiveCfg = Release|Any CPU
		{7BC59B2C-9531-4F80-BB0B-FF54D2BC2124}.Ad-Hoc|Any CPU.Build.0 = Release|Any CPU
		{7BC59B2C-9531-4F80-BB0B-FF54D2BC2124}.Ad-Hoc|ARM.ActiveCfg = Release|Any CPU
		{7BC59B2C-9531-4F80-BB0B-FF54D2BC2124}.Ad-Hoc|ARM.Build.0 = Release|Any CPU
		{7BC59B2C-9531-4F80-BB0B-FF54D2BC2124}.Ad-Hoc|iPhone.ActiveCfg = Release|Any CPU
		{7BC59B2C-9531-4F80-BB0B-FF54D2BC2124}.Ad-Hoc|iPhone.Build.0 = Release|Any CPU
		{7BC59B2C-9531-4F80-BB0B-FF54D2BC2124}.Ad-Hoc|iPhoneSimulator.ActiveCfg = Release|Any CPU
		{7BC59B2C-9531-4F80-BB0B-FF54D2BC2124}.Ad-Hoc|iPhoneSimulator.Build.0 = Release|Any CPU
		{7BC59B2C-9531-4F80-BB0B-FF54D2BC2124}.Ad-Hoc|x64.ActiveCfg = Release|Any CPU
		{7BC59B2C-9531-4F80-BB0B-FF54D2BC2124}.Ad-Hoc|x64.Build.0 = Release|Any CPU
		{7BC59B2C-9531-4F80-BB0B-FF54D2BC2124}.Ad-Hoc|x86.ActiveCfg = Release|Any CPU
		{7BC59B2C-9531-4F80-BB0B-FF54D2BC2124}.Ad-Hoc|x86.Build.0 = Release|Any CPU
		{7BC59B2C-9531-4F80-BB0B-FF54D2BC2124}.AppStore|Any CPU.ActiveCfg = Release|Any CPU
		{7BC59B2C-9531-4F80-BB0B-FF54D2BC2124}.AppStore|Any CPU.Build.0 = Release|Any CPU
		{7BC59B2C-9531-4F80-BB0B-FF54D2BC2124}.AppStore|ARM.ActiveCfg = Release|Any CPU
		{7BC59B2C-9531-4F80-BB0B-FF54D2BC2124}.AppStore|ARM.Build.0 = Release|Any CPU
		{7BC59B2C-9531-4F80-BB0B-FF54D2BC2124}.AppStore|iPhone.ActiveCfg = Release|Any CPU
		{7BC59B2C-9531-4F80-BB0B-FF54D2BC2124}.AppStore|iPhone.Build.0 = Release|Any CPU
		{7BC59B2C-9531-4F80-BB0B-FF54D2BC2124}.AppStore|iPhoneSimulator.ActiveCfg = Release|Any CPU
		{7BC59B2C-9531-4F80-BB0B-FF54D2BC2124}.AppStore|iPhoneSimulator.Build.0 = Release|Any CPU
		{7BC59B2C-9531-4F80-BB0B-FF54D2BC2124}.AppStore|x64.ActiveCfg = Release|Any CPU
		{7BC59B2C-9531-4F80-BB0B-FF54D2BC2124}.AppStore|x64.Build.0 = Release|Any CPU
		{7BC59B2C-9531-4F80-BB0B-FF54D2BC2124}.AppStore|x86.ActiveCfg = Release|Any CPU
		{7BC59B2C-9531-4F80-BB0B-FF54D2BC2124}.AppStore|x86.Build.0 = Release|Any CPU
		{7BC59B2C-9531-4F80-BB0B-FF54D2BC2124}.Debug|Any CPU.ActiveCfg = Debug|Any CPU
		{7BC59B2C-9531-4F80-BB0B-FF54D2BC2124}.Debug|Any CPU.Build.0 = Debug|Any CPU
		{7BC59B2C-9531-4F80-BB0B-FF54D2BC2124}.Debug|ARM.ActiveCfg = Debug|Any CPU
		{7BC59B2C-9531-4F80-BB0B-FF54D2BC2124}.Debug|ARM.Build.0 = Debug|Any CPU
		{7BC59B2C-9531-4F80-BB0B-FF54D2BC2124}.Debug|iPhone.ActiveCfg = Debug|Any CPU
		{7BC59B2C-9531-4F80-BB0B-FF54D2BC2124}.Debug|iPhone.Build.0 = Debug|Any CPU
		{7BC59B2C-9531-4F80-BB0B-FF54D2BC2124}.Debug|iPhoneSimulator.ActiveCfg = Debug|Any CPU
		{7BC59B2C-9531-4F80-BB0B-FF54D2BC2124}.Debug|iPhoneSimulator.Build.0 = Debug|Any CPU
		{7BC59B2C-9531-4F80-BB0B-FF54D2BC2124}.Debug|x64.ActiveCfg = Debug|Any CPU
		{7BC59B2C-9531-4F80-BB0B-FF54D2BC2124}.Debug|x64.Build.0 = Debug|Any CPU
		{7BC59B2C-9531-4F80-BB0B-FF54D2BC2124}.Debug|x86.ActiveCfg = Debug|Any CPU
		{7BC59B2C-9531-4F80-BB0B-FF54D2BC2124}.Debug|x86.Build.0 = Debug|Any CPU
		{7BC59B2C-9531-4F80-BB0B-FF54D2BC2124}.Release|Any CPU.ActiveCfg = Release|Any CPU
		{7BC59B2C-9531-4F80-BB0B-FF54D2BC2124}.Release|Any CPU.Build.0 = Release|Any CPU
		{7BC59B2C-9531-4F80-BB0B-FF54D2BC2124}.Release|ARM.ActiveCfg = Release|Any CPU
		{7BC59B2C-9531-4F80-BB0B-FF54D2BC2124}.Release|ARM.Build.0 = Release|Any CPU
		{7BC59B2C-9531-4F80-BB0B-FF54D2BC2124}.Release|iPhone.ActiveCfg = Release|Any CPU
		{7BC59B2C-9531-4F80-BB0B-FF54D2BC2124}.Release|iPhone.Build.0 = Release|Any CPU
		{7BC59B2C-9531-4F80-BB0B-FF54D2BC2124}.Release|iPhoneSimulator.ActiveCfg = Release|Any CPU
		{7BC59B2C-9531-4F80-BB0B-FF54D2BC2124}.Release|iPhoneSimulator.Build.0 = Release|Any CPU
		{7BC59B2C-9531-4F80-BB0B-FF54D2BC2124}.Release|x64.ActiveCfg = Release|Any CPU
		{7BC59B2C-9531-4F80-BB0B-FF54D2BC2124}.Release|x64.Build.0 = Release|Any CPU
		{7BC59B2C-9531-4F80-BB0B-FF54D2BC2124}.Release|x86.ActiveCfg = Release|Any CPU
		{7BC59B2C-9531-4F80-BB0B-FF54D2BC2124}.Release|x86.Build.0 = Release|Any CPU
		{AD9EC12E-9D24-4DFD-A249-86BC900D7B24}.Ad-Hoc|Any CPU.ActiveCfg = Release|x86
		{AD9EC12E-9D24-4DFD-A249-86BC900D7B24}.Ad-Hoc|Any CPU.Build.0 = Release|x86
		{AD9EC12E-9D24-4DFD-A249-86BC900D7B24}.Ad-Hoc|Any CPU.Deploy.0 = Release|x86
		{AD9EC12E-9D24-4DFD-A249-86BC900D7B24}.Ad-Hoc|ARM.ActiveCfg = Release|ARM
		{AD9EC12E-9D24-4DFD-A249-86BC900D7B24}.Ad-Hoc|ARM.Build.0 = Release|ARM
		{AD9EC12E-9D24-4DFD-A249-86BC900D7B24}.Ad-Hoc|ARM.Deploy.0 = Release|ARM
		{AD9EC12E-9D24-4DFD-A249-86BC900D7B24}.Ad-Hoc|iPhone.ActiveCfg = Release|x86
		{AD9EC12E-9D24-4DFD-A249-86BC900D7B24}.Ad-Hoc|iPhone.Build.0 = Release|x86
		{AD9EC12E-9D24-4DFD-A249-86BC900D7B24}.Ad-Hoc|iPhone.Deploy.0 = Release|x86
		{AD9EC12E-9D24-4DFD-A249-86BC900D7B24}.Ad-Hoc|iPhoneSimulator.ActiveCfg = Release|x86
		{AD9EC12E-9D24-4DFD-A249-86BC900D7B24}.Ad-Hoc|iPhoneSimulator.Build.0 = Release|x86
		{AD9EC12E-9D24-4DFD-A249-86BC900D7B24}.Ad-Hoc|iPhoneSimulator.Deploy.0 = Release|x86
		{AD9EC12E-9D24-4DFD-A249-86BC900D7B24}.Ad-Hoc|x64.ActiveCfg = Release|x64
		{AD9EC12E-9D24-4DFD-A249-86BC900D7B24}.Ad-Hoc|x64.Build.0 = Release|x64
		{AD9EC12E-9D24-4DFD-A249-86BC900D7B24}.Ad-Hoc|x64.Deploy.0 = Release|x64
		{AD9EC12E-9D24-4DFD-A249-86BC900D7B24}.Ad-Hoc|x86.ActiveCfg = Release|x86
		{AD9EC12E-9D24-4DFD-A249-86BC900D7B24}.Ad-Hoc|x86.Build.0 = Release|x86
		{AD9EC12E-9D24-4DFD-A249-86BC900D7B24}.Ad-Hoc|x86.Deploy.0 = Release|x86
		{AD9EC12E-9D24-4DFD-A249-86BC900D7B24}.AppStore|Any CPU.ActiveCfg = Release|x86
		{AD9EC12E-9D24-4DFD-A249-86BC900D7B24}.AppStore|Any CPU.Build.0 = Release|x86
		{AD9EC12E-9D24-4DFD-A249-86BC900D7B24}.AppStore|Any CPU.Deploy.0 = Release|x86
		{AD9EC12E-9D24-4DFD-A249-86BC900D7B24}.AppStore|ARM.ActiveCfg = Release|ARM
		{AD9EC12E-9D24-4DFD-A249-86BC900D7B24}.AppStore|ARM.Build.0 = Release|ARM
		{AD9EC12E-9D24-4DFD-A249-86BC900D7B24}.AppStore|ARM.Deploy.0 = Release|ARM
		{AD9EC12E-9D24-4DFD-A249-86BC900D7B24}.AppStore|iPhone.ActiveCfg = Release|x86
		{AD9EC12E-9D24-4DFD-A249-86BC900D7B24}.AppStore|iPhone.Build.0 = Release|x86
		{AD9EC12E-9D24-4DFD-A249-86BC900D7B24}.AppStore|iPhone.Deploy.0 = Release|x86
		{AD9EC12E-9D24-4DFD-A249-86BC900D7B24}.AppStore|iPhoneSimulator.ActiveCfg = Release|x86
		{AD9EC12E-9D24-4DFD-A249-86BC900D7B24}.AppStore|iPhoneSimulator.Build.0 = Release|x86
		{AD9EC12E-9D24-4DFD-A249-86BC900D7B24}.AppStore|iPhoneSimulator.Deploy.0 = Release|x86
		{AD9EC12E-9D24-4DFD-A249-86BC900D7B24}.AppStore|x64.ActiveCfg = Release|x64
		{AD9EC12E-9D24-4DFD-A249-86BC900D7B24}.AppStore|x64.Build.0 = Release|x64
		{AD9EC12E-9D24-4DFD-A249-86BC900D7B24}.AppStore|x64.Deploy.0 = Release|x64
		{AD9EC12E-9D24-4DFD-A249-86BC900D7B24}.AppStore|x86.ActiveCfg = Release|x86
		{AD9EC12E-9D24-4DFD-A249-86BC900D7B24}.AppStore|x86.Build.0 = Release|x86
		{AD9EC12E-9D24-4DFD-A249-86BC900D7B24}.AppStore|x86.Deploy.0 = Release|x86
		{AD9EC12E-9D24-4DFD-A249-86BC900D7B24}.Debug|Any CPU.ActiveCfg = Debug|x86
		{AD9EC12E-9D24-4DFD-A249-86BC900D7B24}.Debug|ARM.ActiveCfg = Debug|ARM
		{AD9EC12E-9D24-4DFD-A249-86BC900D7B24}.Debug|ARM.Build.0 = Debug|ARM
		{AD9EC12E-9D24-4DFD-A249-86BC900D7B24}.Debug|ARM.Deploy.0 = Debug|ARM
		{AD9EC12E-9D24-4DFD-A249-86BC900D7B24}.Debug|iPhone.ActiveCfg = Debug|x86
		{AD9EC12E-9D24-4DFD-A249-86BC900D7B24}.Debug|iPhoneSimulator.ActiveCfg = Debug|x86
		{AD9EC12E-9D24-4DFD-A249-86BC900D7B24}.Debug|x64.ActiveCfg = Debug|x64
		{AD9EC12E-9D24-4DFD-A249-86BC900D7B24}.Debug|x64.Build.0 = Debug|x64
		{AD9EC12E-9D24-4DFD-A249-86BC900D7B24}.Debug|x64.Deploy.0 = Debug|x64
		{AD9EC12E-9D24-4DFD-A249-86BC900D7B24}.Debug|x86.ActiveCfg = Debug|x86
		{AD9EC12E-9D24-4DFD-A249-86BC900D7B24}.Debug|x86.Build.0 = Debug|x86
		{AD9EC12E-9D24-4DFD-A249-86BC900D7B24}.Debug|x86.Deploy.0 = Debug|x86
		{AD9EC12E-9D24-4DFD-A249-86BC900D7B24}.Release|Any CPU.ActiveCfg = Release|x86
		{AD9EC12E-9D24-4DFD-A249-86BC900D7B24}.Release|ARM.ActiveCfg = Release|ARM
		{AD9EC12E-9D24-4DFD-A249-86BC900D7B24}.Release|ARM.Build.0 = Release|ARM
		{AD9EC12E-9D24-4DFD-A249-86BC900D7B24}.Release|ARM.Deploy.0 = Release|ARM
		{AD9EC12E-9D24-4DFD-A249-86BC900D7B24}.Release|iPhone.ActiveCfg = Release|x86
		{AD9EC12E-9D24-4DFD-A249-86BC900D7B24}.Release|iPhoneSimulator.ActiveCfg = Release|x86
		{AD9EC12E-9D24-4DFD-A249-86BC900D7B24}.Release|x64.ActiveCfg = Release|x64
		{AD9EC12E-9D24-4DFD-A249-86BC900D7B24}.Release|x64.Build.0 = Release|x64
		{AD9EC12E-9D24-4DFD-A249-86BC900D7B24}.Release|x64.Deploy.0 = Release|x64
		{AD9EC12E-9D24-4DFD-A249-86BC900D7B24}.Release|x86.ActiveCfg = Release|x86
		{AD9EC12E-9D24-4DFD-A249-86BC900D7B24}.Release|x86.Build.0 = Release|x86
		{AD9EC12E-9D24-4DFD-A249-86BC900D7B24}.Release|x86.Deploy.0 = Release|x86
		{ED6D2C3D-FEC4-46F4-A9FE-483E4CBDF843}.Ad-Hoc|Any CPU.ActiveCfg = Ad-Hoc|iPhone
		{ED6D2C3D-FEC4-46F4-A9FE-483E4CBDF843}.Ad-Hoc|ARM.ActiveCfg = Ad-Hoc|iPhone
		{ED6D2C3D-FEC4-46F4-A9FE-483E4CBDF843}.Ad-Hoc|iPhone.ActiveCfg = Ad-Hoc|iPhone
		{ED6D2C3D-FEC4-46F4-A9FE-483E4CBDF843}.Ad-Hoc|iPhone.Build.0 = Ad-Hoc|iPhone
		{ED6D2C3D-FEC4-46F4-A9FE-483E4CBDF843}.Ad-Hoc|iPhoneSimulator.ActiveCfg = Ad-Hoc|iPhoneSimulator
		{ED6D2C3D-FEC4-46F4-A9FE-483E4CBDF843}.Ad-Hoc|iPhoneSimulator.Build.0 = Ad-Hoc|iPhoneSimulator
		{ED6D2C3D-FEC4-46F4-A9FE-483E4CBDF843}.Ad-Hoc|x64.ActiveCfg = Ad-Hoc|iPhone
		{ED6D2C3D-FEC4-46F4-A9FE-483E4CBDF843}.Ad-Hoc|x86.ActiveCfg = Ad-Hoc|iPhone
		{ED6D2C3D-FEC4-46F4-A9FE-483E4CBDF843}.AppStore|Any CPU.ActiveCfg = AppStore|iPhone
		{ED6D2C3D-FEC4-46F4-A9FE-483E4CBDF843}.AppStore|ARM.ActiveCfg = AppStore|iPhone
		{ED6D2C3D-FEC4-46F4-A9FE-483E4CBDF843}.AppStore|iPhone.ActiveCfg = AppStore|iPhone
		{ED6D2C3D-FEC4-46F4-A9FE-483E4CBDF843}.AppStore|iPhone.Build.0 = AppStore|iPhone
		{ED6D2C3D-FEC4-46F4-A9FE-483E4CBDF843}.AppStore|iPhoneSimulator.ActiveCfg = AppStore|iPhoneSimulator
		{ED6D2C3D-FEC4-46F4-A9FE-483E4CBDF843}.AppStore|iPhoneSimulator.Build.0 = AppStore|iPhoneSimulator
		{ED6D2C3D-FEC4-46F4-A9FE-483E4CBDF843}.AppStore|x64.ActiveCfg = AppStore|iPhone
		{ED6D2C3D-FEC4-46F4-A9FE-483E4CBDF843}.AppStore|x86.ActiveCfg = AppStore|iPhone
		{ED6D2C3D-FEC4-46F4-A9FE-483E4CBDF843}.Debug|Any CPU.ActiveCfg = Debug|iPhone
		{ED6D2C3D-FEC4-46F4-A9FE-483E4CBDF843}.Debug|ARM.ActiveCfg = Debug|iPhone
		{ED6D2C3D-FEC4-46F4-A9FE-483E4CBDF843}.Debug|iPhone.ActiveCfg = Debug|iPhone
		{ED6D2C3D-FEC4-46F4-A9FE-483E4CBDF843}.Debug|iPhone.Build.0 = Debug|iPhone
		{ED6D2C3D-FEC4-46F4-A9FE-483E4CBDF843}.Debug|iPhoneSimulator.ActiveCfg = Debug|iPhoneSimulator
		{ED6D2C3D-FEC4-46F4-A9FE-483E4CBDF843}.Debug|iPhoneSimulator.Build.0 = Debug|iPhoneSimulator
		{ED6D2C3D-FEC4-46F4-A9FE-483E4CBDF843}.Debug|x64.ActiveCfg = Debug|iPhone
		{ED6D2C3D-FEC4-46F4-A9FE-483E4CBDF843}.Debug|x86.ActiveCfg = Debug|iPhone
		{ED6D2C3D-FEC4-46F4-A9FE-483E4CBDF843}.Release|Any CPU.ActiveCfg = Release|iPhone
		{ED6D2C3D-FEC4-46F4-A9FE-483E4CBDF843}.Release|ARM.ActiveCfg = Release|iPhone
		{ED6D2C3D-FEC4-46F4-A9FE-483E4CBDF843}.Release|iPhone.ActiveCfg = Release|iPhone
		{ED6D2C3D-FEC4-46F4-A9FE-483E4CBDF843}.Release|iPhone.Build.0 = Release|iPhone
		{ED6D2C3D-FEC4-46F4-A9FE-483E4CBDF843}.Release|iPhoneSimulator.ActiveCfg = Release|iPhoneSimulator
		{ED6D2C3D-FEC4-46F4-A9FE-483E4CBDF843}.Release|iPhoneSimulator.Build.0 = Release|iPhoneSimulator
		{ED6D2C3D-FEC4-46F4-A9FE-483E4CBDF843}.Release|x64.ActiveCfg = Release|iPhone
		{ED6D2C3D-FEC4-46F4-A9FE-483E4CBDF843}.Release|x86.ActiveCfg = Release|iPhone
	EndGlobalSection
	GlobalSection(SolutionProperties) = preSolution
		HideSolutionNode = FALSE
	EndGlobalSection
EndGlobal
